
Microsoft Visual Studio Solution File, Format Version 12.00
Project("{FAE04EC0-301F-11D3-BF4B-00C04F79EFBC}") = "Net5Test", "Net5Test\Net5Test.csproj", "{063F8D06-44A1-4A54-A554-7DDA733FEFD1}"
EndProject
Global
	GlobalSection(SolutionConfigurationPlatforms) = preSolution
		Debug|Any CPU = Debug|Any CPU
		Release|Any CPU = Release|Any CPU
	EndGlobalSection
	GlobalSection(ProjectConfigurationPlatforms) = postSolution
		{063F8D06-44A1-4A54-A554-7DDA733FEFD1}.Debug|Any CPU.ActiveCfg = Debug|Any CPU
		{063F8D06-44A1-4A54-A554-7DDA733FEFD1}.Debug|Any CPU.Build.0 = Debug|Any CPU
		{063F8D06-44A1-4A54-A554-7DDA733FEFD1}.Release|Any CPU.ActiveCfg = Release|Any CPU
		{063F8D06-44A1-4A54-A554-7DDA733FEFD1}.Release|Any CPU.Build.0 = Release|Any CPU
	EndGlobalSection
EndGlobal
